// !$*UTF8*$!
{
	archiveVersion = 1;
	classes = {
	};
	objectVersion = 56;
	objects = {

/* Begin PBXBuildFile section */
		EEE380D12BDBFA2500AA41EB /* AppDelegate.swift in Sources */ = {isa = PBXBuildFile; fileRef = EEE380D02BDBFA2500AA41EB /* AppDelegate.swift */; };
		EEE380D32BDBFA2500AA41EB /* SceneDelegate.swift in Sources */ = {isa = PBXBuildFile; fileRef = EEE380D22BDBFA2500AA41EB /* SceneDelegate.swift */; };
		EEE380D52BDBFA2500AA41EB /* ViewController.swift in Sources */ = {isa = PBXBuildFile; fileRef = EEE380D42BDBFA2500AA41EB /* ViewController.swift */; };
		EEE380D82BDBFA2500AA41EB /* Base in Resources */ = {isa = PBXBuildFile; fileRef = EEE380D72BDBFA2500AA41EB /* Base */; };
		EEE380DB2BDBFA2500AA41EB /* myLibrary.xcdatamodeld in Sources */ = {isa = PBXBuildFile; fileRef = EEE380D92BDBFA2500AA41EB /* myLibrary.xcdatamodeld */; };
		EEE380DD2BDBFA2800AA41EB /* Assets.xcassets in Resources */ = {isa = PBXBuildFile; fileRef = EEE380DC2BDBFA2800AA41EB /* Assets.xcassets */; };
		EEE380E02BDBFA2800AA41EB /* Base in Resources */ = {isa = PBXBuildFile; fileRef = EEE380DF2BDBFA2800AA41EB /* Base */; };
		F8F5E010E3E2519CF8D28E30 /* Pods_myLibrary.framework in Frameworks */ = {isa = PBXBuildFile; fileRef = 748BF4DB23F6FFAE3674AE50 /* Pods_myLibrary.framework */; };
/* End PBXBuildFile section */

/* Begin PBXFileReference section */
		67D0E8A639497ECFAB9CA825 /* Pods-myLibrary.debug.xcconfig */ = {isa = PBXFileReference; includeInIndex = 1; lastKnownFileType = text.xcconfig; name = "Pods-myLibrary.debug.xcconfig"; path = "Target Support Files/Pods-myLibrary/Pods-myLibrary.debug.xcconfig"; sourceTree = "<group>"; };
		748BF4DB23F6FFAE3674AE50 /* Pods_myLibrary.framework */ = {isa = PBXFileReference; explicitFileType = wrapper.framework; includeInIndex = 0; path = Pods_myLibrary.framework; sourceTree = BUILT_PRODUCTS_DIR; };
		A0844E2B4EEBAC749E451BFE /* Pods-myLibrary.release.xcconfig */ = {isa = PBXFileReference; includeInIndex = 1; lastKnownFileType = text.xcconfig; name = "Pods-myLibrary.release.xcconfig"; path = "Target Support Files/Pods-myLibrary/Pods-myLibrary.release.xcconfig"; sourceTree = "<group>"; };
		EEE380CD2BDBFA2500AA41EB /* myLibrary.app */ = {isa = PBXFileReference; explicitFileType = wrapper.application; includeInIndex = 0; path = myLibrary.app; sourceTree = BUILT_PRODUCTS_DIR; };
		EEE380D02BDBFA2500AA41EB /* AppDelegate.swift */ = {isa = PBXFileReference; lastKnownFileType = sourcecode.swift; path = AppDelegate.swift; sourceTree = "<group>"; };
		EEE380D22BDBFA2500AA41EB /* SceneDelegate.swift */ = {isa = PBXFileReference; lastKnownFileType = sourcecode.swift; path = SceneDelegate.swift; sourceTree = "<group>"; };
		EEE380D42BDBFA2500AA41EB /* ViewController.swift */ = {isa = PBXFileReference; lastKnownFileType = sourcecode.swift; path = ViewController.swift; sourceTree = "<group>"; };
		EEE380D72BDBFA2500AA41EB /* Base */ = {isa = PBXFileReference; lastKnownFileType = file.storyboard; name = Base; path = Base.lproj/Main.storyboard; sourceTree = "<group>"; };
		EEE380DA2BDBFA2500AA41EB /* myLibrary.xcdatamodel */ = {isa = PBXFileReference; lastKnownFileType = wrapper.xcdatamodel; path = myLibrary.xcdatamodel; sourceTree = "<group>"; };
		EEE380DC2BDBFA2800AA41EB /* Assets.xcassets */ = {isa = PBXFileReference; lastKnownFileType = folder.assetcatalog; path = Assets.xcassets; sourceTree = "<group>"; };
		EEE380DF2BDBFA2800AA41EB /* Base */ = {isa = PBXFileReference; lastKnownFileType = file.storyboard; name = Base; path = Base.lproj/LaunchScreen.storyboard; sourceTree = "<group>"; };
		EEE380E12BDBFA2800AA41EB /* Info.plist */ = {isa = PBXFileReference; lastKnownFileType = text.plist.xml; path = Info.plist; sourceTree = "<group>"; };
/* End PBXFileReference section */

/* Begin PBXFrameworksBuildPhase section */
		EEE380CA2BDBFA2500AA41EB /* Frameworks */ = {
			isa = PBXFrameworksBuildPhase;
			buildActionMask = 2147483647;
			files = (
				F8F5E010E3E2519CF8D28E30 /* Pods_myLibrary.framework in Frameworks */,
			);
			runOnlyForDeploymentPostprocessing = 0;
		};
/* End PBXFrameworksBuildPhase section */

/* Begin PBXGroup section */
		34136418188ED36CDB8F566A /* Frameworks */ = {
			isa = PBXGroup;
			children = (
				748BF4DB23F6FFAE3674AE50 /* Pods_myLibrary.framework */,
			);
			name = Frameworks;
			sourceTree = "<group>";
		};
		435C0A889ABC21FFA33FC13D /* Pods */ = {
			isa = PBXGroup;
			children = (
				67D0E8A639497ECFAB9CA825 /* Pods-myLibrary.debug.xcconfig */,
				A0844E2B4EEBAC749E451BFE /* Pods-myLibrary.release.xcconfig */,
			);
			path = Pods;
			sourceTree = "<group>";
		};
		EEE380C42BDBFA2500AA41EB = {
			isa = PBXGroup;
			children = (
				EEE380CF2BDBFA2500AA41EB /* myLibrary */,
				EEE380CE2BDBFA2500AA41EB /* Products */,
				435C0A889ABC21FFA33FC13D /* Pods */,
				34136418188ED36CDB8F566A /* Frameworks */,
			);
			sourceTree = "<group>";
		};
		EEE380CE2BDBFA2500AA41EB /* Products */ = {
			isa = PBXGroup;
			children = (
				EEE380CD2BDBFA2500AA41EB /* myLibrary.app */,
			);
			name = Products;
			sourceTree = "<group>";
		};
		EEE380CF2BDBFA2500AA41EB /* myLibrary */ = {
			isa = PBXGroup;
			children = (
				EEE380D02BDBFA2500AA41EB /* AppDelegate.swift */,
				EEE380D22BDBFA2500AA41EB /* SceneDelegate.swift */,
				EEE380D42BDBFA2500AA41EB /* ViewController.swift */,
				EEE380D62BDBFA2500AA41EB /* Main.storyboard */,
				EEE380DC2BDBFA2800AA41EB /* Assets.xcassets */,
				EEE380DE2BDBFA2800AA41EB /* LaunchScreen.storyboard */,
				EEE380E12BDBFA2800AA41EB /* Info.plist */,
				EEE380D92BDBFA2500AA41EB /* myLibrary.xcdatamodeld */,
			);
			path = myLibrary;
			sourceTree = "<group>";
		};
/* End PBXGroup section */

/* Begin PBXNativeTarget section */
		EEE380CC2BDBFA2500AA41EB /* myLibrary */ = {
			isa = PBXNativeTarget;
			buildConfigurationList = EEE380E42BDBFA2800AA41EB /* Build configuration list for PBXNativeTarget "myLibrary" */;
			buildPhases = (
				7197504FBF07FA5A1B3A6DB3 /* [CP] Check Pods Manifest.lock */,
				EEE380C92BDBFA2500AA41EB /* Sources */,
				EEE380CA2BDBFA2500AA41EB /* Frameworks */,
				EEE380CB2BDBFA2500AA41EB /* Resources */,
				CF53BA844D8E752DCAAAE065 /* [CP] Embed Pods Frameworks */,
			);
			buildRules = (
			);
			dependencies = (
			);
			name = myLibrary;
			productName = myLibrary;
			productReference = EEE380CD2BDBFA2500AA41EB /* myLibrary.app */;
			productType = "com.apple.product-type.application";
		};
/* End PBXNativeTarget section */

/* Begin PBXProject section */
		EEE380C52BDBFA2500AA41EB /* Project object */ = {
			isa = PBXProject;
			attributes = {
				BuildIndependentTargetsInParallel = 1;
				LastSwiftUpdateCheck = 1530;
				LastUpgradeCheck = 1530;
				TargetAttributes = {
					EEE380CC2BDBFA2500AA41EB = {
						CreatedOnToolsVersion = 15.3;
					};
				};
			};
			buildConfigurationList = EEE380C82BDBFA2500AA41EB /* Build configuration list for PBXProject "myLibrary" */;
			compatibilityVersion = "Xcode 14.0";
			developmentRegion = en;
			hasScannedForEncodings = 0;
			knownRegions = (
				en,
				Base,
			);
			mainGroup = EEE380C42BDBFA2500AA41EB;
			productRefGroup = EEE380CE2BDBFA2500AA41EB /* Products */;
			projectDirPath = "";
			projectRoot = "";
			targets = (
				EEE380CC2BDBFA2500AA41EB /* myLibrary */,
			);
		};
/* End PBXProject section */

/* Begin PBXResourcesBuildPhase section */
		EEE380CB2BDBFA2500AA41EB /* Resources */ = {
			isa = PBXResourcesBuildPhase;
			buildActionMask = 2147483647;
			files = (
				EEE380DD2BDBFA2800AA41EB /* Assets.xcassets in Resources */,
				EEE380E02BDBFA2800AA41EB /* Base in Resources */,
				EEE380D82BDBFA2500AA41EB /* Base in Resources */,
			);
			runOnlyForDeploymentPostprocessing = 0;
		};
/* End PBXResourcesBuildPhase section */

/* Begin PBXShellScriptBuildPhase section */
		7197504FBF07FA5A1B3A6DB3 /* [CP] Check Pods Manifest.lock */ = {
			isa = PBXShellScriptBuildPhase;
			buildActionMask = 2147483647;
			files = (
			);
			inputFileListPaths = (
			);
			inputPaths = (
				"${PODS_PODFILE_DIR_PATH}/Podfile.lock",
				"${PODS_ROOT}/Manifest.lock",
			);
			name = "[CP] Check Pods Manifest.lock";
			outputFileListPaths = (
			);
			outputPaths = (
				"$(DERIVED_FILE_DIR)/Pods-myLibrary-checkManifestLockResult.txt",
			);
			runOnlyForDeploymentPostprocessing = 0;
			shellPath = /bin/sh;
			shellScript = "diff \"${PODS_PODFILE_DIR_PATH}/Podfile.lock\" \"${PODS_ROOT}/Manifest.lock\" > /dev/null\nif [ $? != 0 ] ; then\n    # print error to STDERR\n    echo \"error: The sandbox is not in sync with the Podfile.lock. Run 'pod install' or update your CocoaPods installation.\" >&2\n    exit 1\nfi\n# This output is used by Xcode 'outputs' to avoid re-running this script phase.\necho \"SUCCESS\" > \"${SCRIPT_OUTPUT_FILE_0}\"\n";
			showEnvVarsInLog = 0;
		};
		CF53BA844D8E752DCAAAE065 /* [CP] Embed Pods Frameworks */ = {
			isa = PBXShellScriptBuildPhase;
			buildActionMask = 2147483647;
			files = (
			);
			inputFileListPaths = (
				"${PODS_ROOT}/Target Support Files/Pods-myLibrary/Pods-myLibrary-frameworks-${CONFIGURATION}-input-files.xcfilelist",
			);
			name = "[CP] Embed Pods Frameworks";
			outputFileListPaths = (
				"${PODS_ROOT}/Target Support Files/Pods-myLibrary/Pods-myLibrary-frameworks-${CONFIGURATION}-output-files.xcfilelist",
			);
			runOnlyForDeploymentPostprocessing = 0;
			shellPath = /bin/sh;
			shellScript = "\"${PODS_ROOT}/Target Support Files/Pods-myLibrary/Pods-myLibrary-frameworks.sh\"\n";
			showEnvVarsInLog = 0;
		};
/* End PBXShellScriptBuildPhase section */

/* Begin PBXSourcesBuildPhase section */
		EEE380C92BDBFA2500AA41EB /* Sources */ = {
			isa = PBXSourcesBuildPhase;
			buildActionMask = 2147483647;
			files = (
				EEE380D52BDBFA2500AA41EB /* ViewController.swift in Sources */,
				EEE380DB2BDBFA2500AA41EB /* myLibrary.xcdatamodeld in Sources */,
				EEE380D12BDBFA2500AA41EB /* AppDelegate.swift in Sources */,
				EEE380D32BDBFA2500AA41EB /* SceneDelegate.swift in Sources */,
			);
			runOnlyForDeploymentPostprocessing = 0;
		};
/* End PBXSourcesBuildPhase section */

/* Begin PBXVariantGroup section */
		EEE380D62BDBFA2500AA41EB /* Main.storyboard */ = {
			isa = PBXVariantGroup;
			children = (
				EEE380D72BDBFA2500AA41EB /* Base */,
			);
			name = Main.storyboard;
			sourceTree = "<group>";
		};
		EEE380DE2BDBFA2800AA41EB /* LaunchScreen.storyboard */ = {
			isa = PBXVariantGroup;
			children = (
				EEE380DF2BDBFA2800AA41EB /* Base */,
			);
			name = LaunchScreen.storyboard;
			sourceTree = "<group>";
		};
/* End PBXVariantGroup section */

/* Begin XCBuildConfiguration section */
		EEE380E22BDBFA2800AA41EB /* Debug */ = {
			isa = XCBuildConfiguration;
			buildSettings = {
				ALWAYS_SEARCH_USER_PATHS = NO;
				ASSETCATALOG_COMPILER_GENERATE_SWIFT_ASSET_SYMBOL_EXTENSIONS = YES;
				CLANG_ANALYZER_NONNULL = YES;
				CLANG_ANALYZER_NUMBER_OBJECT_CONVERSION = YES_AGGRESSIVE;
				CLANG_CXX_LANGUAGE_STANDARD = "gnu++20";
				CLANG_ENABLE_MODULES = YES;
				CLANG_ENABLE_OBJC_ARC = YES;
				CLANG_ENABLE_OBJC_WEAK = YES;
				CLANG_WARN_BLOCK_CAPTURE_AUTORELEASING = YES;
				CLANG_WARN_BOOL_CONVERSION = YES;
				CLANG_WARN_COMMA = YES;
				CLANG_WARN_CONSTANT_CONVERSION = YES;
				CLANG_WARN_DEPRECATED_OBJC_IMPLEMENTATIONS = YES;
				CLANG_WARN_DIRECT_OBJC_ISA_USAGE = YES_ERROR;
				CLANG_WARN_DOCUMENTATION_COMMENTS = YES;
				CLANG_WARN_EMPTY_BODY = YES;
				CLANG_WARN_ENUM_CONVERSION = YES;
				CLANG_WARN_INFINITE_RECURSION = YES;
				CLANG_WARN_INT_CONVERSION = YES;
				CLANG_WARN_NON_LITERAL_NULL_CONVERSION = YES;
				CLANG_WARN_OBJC_IMPLICIT_RETAIN_SELF = YES;
				CLANG_WARN_OBJC_LITERAL_CONVERSION = YES;
				CLANG_WARN_OBJC_ROOT_CLASS = YES_ERROR;
				CLANG_WARN_QUOTED_INCLUDE_IN_FRAMEWORK_HEADER = YES;
				CLANG_WARN_RANGE_LOOP_ANALYSIS = YES;
				CLANG_WARN_STRICT_PROTOTYPES = YES;
				CLANG_WARN_SUSPICIOUS_MOVE = YES;
				CLANG_WARN_UNGUARDED_AVAILABILITY = YES_AGGRESSIVE;
				CLANG_WARN_UNREACHABLE_CODE = YES;
				CLANG_WARN__DUPLICATE_METHOD_MATCH = YES;
				COPY_PHASE_STRIP = NO;
				DEBUG_INFORMATION_FORMAT = dwarf;
				ENABLE_STRICT_OBJC_MSGSEND = YES;
				ENABLE_TESTABILITY = YES;
				ENABLE_USER_SCRIPT_SANDBOXING = YES;
				GCC_C_LANGUAGE_STANDARD = gnu17;
				GCC_DYNAMIC_NO_PIC = NO;
				GCC_NO_COMMON_BLOCKS = YES;
				GCC_OPTIMIZATION_LEVEL = 0;
				GCC_PREPROCESSOR_DEFINITIONS = (
					"DEBUG=1",
					"$(inherited)",
				);
				GCC_WARN_64_TO_32_BIT_CONVERSION = YES;
				GCC_WARN_ABOUT_RETURN_TYPE = YES_ERROR;
				GCC_WARN_UNDECLARED_SELECTOR = YES;
				GCC_WARN_UNINITIALIZED_AUTOS = YES_AGGRESSIVE;
				GCC_WARN_UNUSED_FUNCTION = YES;
				GCC_WARN_UNUSED_VARIABLE = YES;
				IPHONEOS_DEPLOYMENT_TARGET = 17.4;
				LOCALIZATION_PREFERS_STRING_CATALOGS = YES;
				MTL_ENABLE_DEBUG_INFO = INCLUDE_SOURCE;
				MTL_FAST_MATH = YES;
				ONLY_ACTIVE_ARCH = YES;
				SDKROOT = iphoneos;
				SWIFT_ACTIVE_COMPILATION_CONDITIONS = "DEBUG $(inherited)";
				SWIFT_OPTIMIZATION_LEVEL = "-Onone";
			};
			name = Debug;
		};
		EEE380E32BDBFA2800AA41EB /* Release */ = {
			isa = XCBuildConfiguration;
			buildSettings = {
				ALWAYS_SEARCH_USER_PATHS = NO;
				ASSETCATALOG_COMPILER_GENERATE_SWIFT_ASSET_SYMBOL_EXTENSIONS = YES;
				CLANG_ANALYZER_NONNULL = YES;
				CLANG_ANALYZER_NUMBER_OBJECT_CONVERSION = YES_AGGRESSIVE;
				CLANG_CXX_LANGUAGE_STANDARD = "gnu++20";
				CLANG_ENABLE_MODULES = YES;
				CLANG_ENABLE_OBJC_ARC = YES;
				CLANG_ENABLE_OBJC_WEAK = YES;
				CLANG_WARN_BLOCK_CAPTURE_AUTORELEASING = YES;
				CLANG_WARN_BOOL_CONVERSION = YES;
				CLANG_WARN_COMMA = YES;
				CLANG_WARN_CONSTANT_CONVERSION = YES;
				CLANG_WARN_DEPRECATED_OBJC_IMPLEMENTATIONS = YES;
				CLANG_WARN_DIRECT_OBJC_ISA_USAGE = YES_ERROR;
				CLANG_WARN_DOCUMENTATION_COMMENTS = YES;
				CLANG_WARN_EMPTY_BODY = YES;
				CLANG_WARN_ENUM_CONVERSION = YES;
				CLANG_WARN_INFINITE_RECURSION = YES;
				CLANG_WARN_INT_CONVERSION = YES;
				CLANG_WARN_NON_LITERAL_NULL_CONVERSION = YES;
				CLANG_WARN_OBJC_IMPLICIT_RETAIN_SELF = YES;
				CLANG_WARN_OBJC_LITERAL_CONVERSION = YES;
				CLANG_WARN_OBJC_ROOT_CLASS = YES_ERROR;
				CLANG_WARN_QUOTED_INCLUDE_IN_FRAMEWORK_HEADER = YES;
				CLANG_WARN_RANGE_LOOP_ANALYSIS = YES;
				CLANG_WARN_STRICT_PROTOTYPES = YES;
				CLANG_WARN_SUSPICIOUS_MOVE = YES;
				CLANG_WARN_UNGUARDED_AVAILABILITY = YES_AGGRESSIVE;
				CLANG_WARN_UNREACHABLE_CODE = YES;
				CLANG_WARN__DUPLICATE_METHOD_MATCH = YES;
				COPY_PHASE_STRIP = NO;
				DEBUG_INFORMATION_FORMAT = "dwarf-with-dsym";
				ENABLE_NS_ASSERTIONS = NO;
				ENABLE_STRICT_OBJC_MSGSEND = YES;
				ENABLE_USER_SCRIPT_SANDBOXING = YES;
				GCC_C_LANGUAGE_STANDARD = gnu17;
				GCC_NO_COMMON_BLOCKS = YES;
				GCC_WARN_64_TO_32_BIT_CONVERSION = YES;
				GCC_WARN_ABOUT_RETURN_TYPE = YES_ERROR;
				GCC_WARN_UNDECLARED_SELECTOR = YES;
				GCC_WARN_UNINITIALIZED_AUTOS = YES_AGGRESSIVE;
				GCC_WARN_UNUSED_FUNCTION = YES;
				GCC_WARN_UNUSED_VARIABLE = YES;
				IPHONEOS_DEPLOYMENT_TARGET = 17.4;
				LOCALIZATION_PREFERS_STRING_CATALOGS = YES;
				MTL_ENABLE_DEBUG_INFO = NO;
				MTL_FAST_MATH = YES;
				SDKROOT = iphoneos;
				SWIFT_COMPILATION_MODE = wholemodule;
				VALIDATE_PRODUCT = YES;
			};
			name = Release;
		};
		EEE380E52BDBFA2800AA41EB /* Debug */ = {
			isa = XCBuildConfiguration;
			baseConfigurationReference = 67D0E8A639497ECFAB9CA825 /* Pods-myLibrary.debug.xcconfig */;
			buildSettings = {
				ASSETCATALOG_COMPILER_APPICON_NAME = AppIcon;
				ASSETCATALOG_COMPILER_GLOBAL_ACCENT_COLOR_NAME = AccentColor;
				CODE_SIGN_STYLE = Automatic;
				CURRENT_PROJECT_VERSION = 1;
				DEVELOPMENT_TEAM = 9J2XF4F85H;
				ENABLE_USER_SCRIPT_SANDBOXING = NO;
				GENERATE_INFOPLIST_FILE = YES;
				INFOPLIST_FILE = myLibrary/Info.plist;
				INFOPLIST_KEY_UIApplicationSupportsIndirectInputEvents = YES;
				INFOPLIST_KEY_UILaunchStoryboardName = LaunchScreen;
				INFOPLIST_KEY_UIMainStoryboardFile = Main;
				INFOPLIST_KEY_UISupportedInterfaceOrientations_iPad = "UIInterfaceOrientationPortrait UIInterfaceOrientationPortraitUpsideDown UIInterfaceOrientationLandscapeLeft UIInterfaceOrientationLandscapeRight";
				INFOPLIST_KEY_UISupportedInterfaceOrientations_iPhone = "UIInterfaceOrientationPortrait UIInterfaceOrientationLandscapeLeft UIInterfaceOrientationLandscapeRight";
				LD_RUNPATH_SEARCH_PATHS = (
					"$(inherited)",
					"@executable_path/Frameworks",
				);
				MARKETING_VERSION = 1.0;
				PRODUCT_BUNDLE_IDENTIFIER = NojoodAljuaid.myLibrary;
				PRODUCT_NAME = "$(TARGET_NAME)";
				SWIFT_EMIT_LOC_STRINGS = YES;
				SWIFT_VERSION = 5.0;
				TARGETED_DEVICE_FAMILY = "1,2";
			};
			name = Debug;
		};
		EEE380E62BDBFA2800AA41EB /* Release */ = {
			isa = XCBuildConfiguration;
			baseConfigurationReference = A0844E2B4EEBAC749E451BFE /* Pods-myLibrary.release.xcconfig */;
			buildSettings = {
				ASSETCATALOG_COMPILER_APPICON_NAME = AppIcon;
				ASSETCATALOG_COMPILER_GLOBAL_ACCENT_COLOR_NAME = AccentColor;
				CODE_SIGN_STYLE = Automatic;
				CURRENT_PROJECT_VERSION = 1;
				DEVELOPMENT_TEAM = 9J2XF4F85H;
				ENABLE_USER_SCRIPT_SANDBOXING = NO;
				GENERATE_INFOPLIST_FILE = YES;
				INFOPLIST_FILE = myLibrary/Info.plist;
				INFOPLIST_KEY_UIApplicationSupportsIndirectInputEvents = YES;
				INFOPLIST_KEY_UILaunchStoryboardName = LaunchScreen;
				INFOPLIST_KEY_UIMainStoryboardFile = Main;
				INFOPLIST_KEY_UISupportedInterfaceOrientations_iPad = "UIInterfaceOrientationPortrait UIInterfaceOrientationPortraitUpsideDown UIInterfaceOrientationLandscapeLeft UIInterfaceOrientationLandscapeRight";
				INFOPLIST_KEY_UISupportedInterfaceOrientations_iPhone = "UIInterfaceOrientationPortrait UIInterfaceOrientationLandscapeLeft UIInterfaceOrientationLandscapeRight";
				LD_RUNPATH_SEARCH_PATHS = (
					"$(inherited)",
					"@executable_path/Frameworks",
				);
				MARKETING_VERSION = 1.0;
				PRODUCT_BUNDLE_IDENTIFIER = NojoodAljuaid.myLibrary;
				PRODUCT_NAME = "$(TARGET_NAME)";
				SWIFT_EMIT_LOC_STRINGS = YES;
				SWIFT_VERSION = 5.0;
				TARGETED_DEVICE_FAMILY = "1,2";
			};
			name = Release;
		};
/* End XCBuildConfiguration section */

/* Begin XCConfigurationList section */
		EEE380C82BDBFA2500AA41EB /* Build configuration list for PBXProject "myLibrary" */ = {
			isa = XCConfigurationList;
			buildConfigurations = (
				EEE380E22BDBFA2800AA41EB /* Debug */,
				EEE380E32BDBFA2800AA41EB /* Release */,
			);
			defaultConfigurationIsVisible = 0;
			defaultConfigurationName = Release;
		};
		EEE380E42BDBFA2800AA41EB /* Build configuration list for PBXNativeTarget "myLibrary" */ = {
			isa = XCConfigurationList;
			buildConfigurations = (
				EEE380E52BDBFA2800AA41EB /* Debug */,
				EEE380E62BDBFA2800AA41EB /* Release */,
			);
			defaultConfigurationIsVisible = 0;
			defaultConfigurationName = Release;
		};
/* End XCConfigurationList section */

/* Begin XCVersionGroup section */
		EEE380D92BDBFA2500AA41EB /* myLibrary.xcdatamodeld */ = {
			isa = XCVersionGroup;
			children = (
				EEE380DA2BDBFA2500AA41EB /* myLibrary.xcdatamodel */,
			);
			currentVersion = EEE380DA2BDBFA2500AA41EB /* myLibrary.xcdatamodel */;
			path = myLibrary.xcdatamodeld;
			sourceTree = "<group>";
			versionGroupType = wrapper.xcdatamodel;
		};
/* End XCVersionGroup section */
	};
	rootObject = EEE380C52BDBFA2500AA41EB /* Project object */;
}
